// !$*UTF8*$!
{
	archiveVersion = 1;
	classes = {
	};
	objectVersion = 77;
	objects = {

/* Begin PBXContainerItemProxy section */
		D94BB3432D2979F10073CE47 /* PBXContainerItemProxy */ = {
			isa = PBXContainerItemProxy;
			containerPortal = D94BB32A2D2979EF0073CE47 /* Project object */;
			proxyType = 1;
			remoteGlobalIDString = D94BB3312D2979EF0073CE47;
			remoteInfo = CoinCap;
		};
		D94BB34D2D2979F10073CE47 /* PBXContainerItemProxy */ = {
			isa = PBXContainerItemProxy;
			containerPortal = D94BB32A2D2979EF0073CE47 /* Project object */;
			proxyType = 1;
			remoteGlobalIDString = D94BB3312D2979EF0073CE47;
			remoteInfo = CoinCap;
		};
/* End PBXContainerItemProxy section */

/* Begin PBXFileReference section */
		D94BB3322D2979EF0073CE47 /* CoinCap.app */ = {isa = PBXFileReference; explicitFileType = wrapper.application; includeInIndex = 0; path = CoinCap.app; sourceTree = BUILT_PRODUCTS_DIR; };
		D94BB3422D2979F10073CE47 /* CoinCapTests.xctest */ = {isa = PBXFileReference; explicitFileType = wrapper.cfbundle; includeInIndex = 0; path = CoinCapTests.xctest; sourceTree = BUILT_PRODUCTS_DIR; };
		D94BB34C2D2979F10073CE47 /* CoinCapUITests.xctest */ = {isa = PBXFileReference; explicitFileType = wrapper.cfbundle; includeInIndex = 0; path = CoinCapUITests.xctest; sourceTree = BUILT_PRODUCTS_DIR; };
/* End PBXFileReference section */

/* Begin PBXFileSystemSynchronizedRootGroup section */
		D94BB3342D2979EF0073CE47 /* CoinCap */ = {
			isa = PBXFileSystemSynchronizedRootGroup;
			path = CoinCap;
			sourceTree = "<group>";
		};
		D94BB3452D2979F10073CE47 /* CoinCapTests */ = {
			isa = PBXFileSystemSynchronizedRootGroup;
			path = CoinCapTests;
			sourceTree = "<group>";
		};
		D94BB34F2D2979F10073CE47 /* CoinCapUITests */ = {
			isa = PBXFileSystemSynchronizedRootGroup;
			path = CoinCapUITests;
			sourceTree = "<group>";
		};
/* End PBXFileSystemSynchronizedRootGroup section */

/* Begin PBXFrameworksBuildPhase section */
		D94BB32F2D2979EF0073CE47 /* Frameworks */ = {
			isa = PBXFrameworksBuildPhase;
			buildActionMask = 2147483647;
			files = (
			);
			runOnlyForDeploymentPostprocessing = 0;
		};
		D94BB33F2D2979F10073CE47 /* Frameworks */ = {
			isa = PBXFrameworksBuildPhase;
			buildActionMask = 2147483647;
			files = (
			);
			runOnlyForDeploymentPostprocessing = 0;
		};
		D94BB3492D2979F10073CE47 /* Frameworks */ = {
			isa = PBXFrameworksBuildPhase;
			buildActionMask = 2147483647;
			files = (
			);
			runOnlyForDeploymentPostprocessing = 0;
		};
/* End PBXFrameworksBuildPhase section */

/* Begin PBXGroup section */
		D94BB3292D2979EF0073CE47 = {
			isa = PBXGroup;
			children = (
				D94BB3342D2979EF0073CE47 /* CoinCap */,
				D94BB3452D2979F10073CE47 /* CoinCapTests */,
				D94BB34F2D2979F10073CE47 /* CoinCapUITests */,
				D94BB3332D2979EF0073CE47 /* Products */,
			);
			sourceTree = "<group>";
		};
		D94BB3332D2979EF0073CE47 /* Products */ = {
			isa = PBXGroup;
			children = (
				D94BB3322D2979EF0073CE47 /* CoinCap.app */,
				D94BB3422D2979F10073CE47 /* CoinCapTests.xctest */,
				D94BB34C2D2979F10073CE47 /* CoinCapUITests.xctest */,
			);
			name = Products;
			sourceTree = "<group>";
		};
/* End PBXGroup section */

/* Begin PBXNativeTarget section */
		D94BB3312D2979EF0073CE47 /* CoinCap */ = {
			isa = PBXNativeTarget;
			buildConfigurationList = D94BB3562D2979F10073CE47 /* Build configuration list for PBXNativeTarget "CoinCap" */;
			buildPhases = (
				D94BB32E2D2979EF0073CE47 /* Sources */,
				D94BB32F2D2979EF0073CE47 /* Frameworks */,
				D94BB3302D2979EF0073CE47 /* Resources */,
			);
			buildRules = (
			);
			dependencies = (
			);
			fileSystemSynchronizedGroups = (
				D94BB3342D2979EF0073CE47 /* CoinCap */,
			);
			name = CoinCap;
			packageProductDependencies = (
			);
			productName = CoinCap;
			productReference = D94BB3322D2979EF0073CE47 /* CoinCap.app */;
			productType = "com.apple.product-type.application";
		};
		D94BB3412D2979F10073CE47 /* CoinCapTests */ = {
			isa = PBXNativeTarget;
			buildConfigurationList = D94BB3592D2979F10073CE47 /* Build configuration list for PBXNativeTarget "CoinCapTests" */;
			buildPhases = (
				D94BB33E2D2979F10073CE47 /* Sources */,
				D94BB33F2D2979F10073CE47 /* Frameworks */,
				D94BB3402D2979F10073CE47 /* Resources */,
			);
			buildRules = (
			);
			dependencies = (
				D94BB3442D2979F10073CE47 /* PBXTargetDependency */,
			);
			fileSystemSynchronizedGroups = (
				D94BB3452D2979F10073CE47 /* CoinCapTests */,
			);
			name = CoinCapTests;
			packageProductDependencies = (
			);
			productName = CoinCapTests;
			productReference = D94BB3422D2979F10073CE47 /* CoinCapTests.xctest */;
			productType = "com.apple.product-type.bundle.unit-test";
		};
		D94BB34B2D2979F10073CE47 /* CoinCapUITests */ = {
			isa = PBXNativeTarget;
			buildConfigurationList = D94BB35C2D2979F10073CE47 /* Build configuration list for PBXNativeTarget "CoinCapUITests" */;
			buildPhases = (
				D94BB3482D2979F10073CE47 /* Sources */,
				D94BB3492D2979F10073CE47 /* Frameworks */,
				D94BB34A2D2979F10073CE47 /* Resources */,
			);
			buildRules = (
			);
			dependencies = (
				D94BB34E2D2979F10073CE47 /* PBXTargetDependency */,
			);
			fileSystemSynchronizedGroups = (
				D94BB34F2D2979F10073CE47 /* CoinCapUITests */,
			);
			name = CoinCapUITests;
			packageProductDependencies = (
			);
			productName = CoinCapUITests;
			productReference = D94BB34C2D2979F10073CE47 /* CoinCapUITests.xctest */;
			productType = "com.apple.product-type.bundle.ui-testing";
		};
/* End PBXNativeTarget section */

/* Begin PBXProject section */
		D94BB32A2D2979EF0073CE47 /* Project object */ = {
			isa = PBXProject;
			attributes = {
				BuildIndependentTargetsInParallel = 1;
				LastSwiftUpdateCheck = 1620;
				LastUpgradeCheck = 1620;
				TargetAttributes = {
					D94BB3312D2979EF0073CE47 = {
						CreatedOnToolsVersion = 16.2;
					};
					D94BB3412D2979F10073CE47 = {
						CreatedOnToolsVersion = 16.2;
						TestTargetID = D94BB3312D2979EF0073CE47;
					};
					D94BB34B2D2979F10073CE47 = {
						CreatedOnToolsVersion = 16.2;
						TestTargetID = D94BB3312D2979EF0073CE47;
					};
				};
			};
			buildConfigurationList = D94BB32D2D2979EF0073CE47 /* Build configuration list for PBXProject "CoinCap" */;
			developmentRegion = en;
			hasScannedForEncodings = 0;
			knownRegions = (
				en,
				Base,
			);
			mainGroup = D94BB3292D2979EF0073CE47;
			minimizedProjectReferenceProxies = 1;
			preferredProjectObjectVersion = 77;
			productRefGroup = D94BB3332D2979EF0073CE47 /* Products */;
			projectDirPath = "";
			projectRoot = "";
			targets = (
				D94BB3312D2979EF0073CE47 /* CoinCap */,
				D94BB3412D2979F10073CE47 /* CoinCapTests */,
				D94BB34B2D2979F10073CE47 /* CoinCapUITests */,
			);
		};
/* End PBXProject section */

/* Begin PBXResourcesBuildPhase section */
		D94BB3302D2979EF0073CE47 /* Resources */ = {
			isa = PBXResourcesBuildPhase;
			buildActionMask = 2147483647;
			files = (
			);
			runOnlyForDeploymentPostprocessing = 0;
		};
		D94BB3402D2979F10073CE47 /* Resources */ = {
			isa = PBXResourcesBuildPhase;
			buildActionMask = 2147483647;
			files = (
			);
			runOnlyForDeploymentPostprocessing = 0;
		};
		D94BB34A2D2979F10073CE47 /* Resources */ = {
			isa = PBXResourcesBuildPhase;
			buildActionMask = 2147483647;
			files = (
			);
			runOnlyForDeploymentPostprocessing = 0;
		};
/* End PBXResourcesBuildPhase section */

/* Begin PBXSourcesBuildPhase section */
		D94BB32E2D2979EF0073CE47 /* Sources */ = {
			isa = PBXSourcesBuildPhase;
			buildActionMask = 2147483647;
			files = (
			);
			runOnlyForDeploymentPostprocessing = 0;
		};
		D94BB33E2D2979F10073CE47 /* Sources */ = {
			isa = PBXSourcesBuildPhase;
			buildActionMask = 2147483647;
			files = (
			);
			runOnlyForDeploymentPostprocessing = 0;
		};
		D94BB3482D2979F10073CE47 /* Sources */ = {
			isa = PBXSourcesBuildPhase;
			buildActionMask = 2147483647;
			files = (
			);
			runOnlyForDeploymentPostprocessing = 0;
		};
/* End PBXSourcesBuildPhase section */

/* Begin PBXTargetDependency section */
		D94BB3442D2979F10073CE47 /* PBXTargetDependency */ = {
			isa = PBXTargetDependency;
			target = D94BB3312D2979EF0073CE47 /* CoinCap */;
			targetProxy = D94BB3432D2979F10073CE47 /* PBXContainerItemProxy */;
		};
		D94BB34E2D2979F10073CE47 /* PBXTargetDependency */ = {
			isa = PBXTargetDependency;
			target = D94BB3312D2979EF0073CE47 /* CoinCap */;
			targetProxy = D94BB34D2D2979F10073CE47 /* PBXContainerItemProxy */;
		};
/* End PBXTargetDependency section */

/* Begin XCBuildConfiguration section */
		D94BB3542D2979F10073CE47 /* Debug */ = {
			isa = XCBuildConfiguration;
			buildSettings = {
				ALWAYS_SEARCH_USER_PATHS = NO;
				ASSETCATALOG_COMPILER_GENERATE_SWIFT_ASSET_SYMBOL_EXTENSIONS = YES;
				CLANG_ANALYZER_NONNULL = YES;
				CLANG_ANALYZER_NUMBER_OBJECT_CONVERSION = YES_AGGRESSIVE;
				CLANG_CXX_LANGUAGE_STANDARD = "gnu++20";
				CLANG_ENABLE_MODULES = YES;
				CLANG_ENABLE_OBJC_ARC = YES;
				CLANG_ENABLE_OBJC_WEAK = YES;
				CLANG_WARN_BLOCK_CAPTURE_AUTORELEASING = YES;
				CLANG_WARN_BOOL_CONVERSION = YES;
				CLANG_WARN_COMMA = YES;
				CLANG_WARN_CONSTANT_CONVERSION = YES;
				CLANG_WARN_DEPRECATED_OBJC_IMPLEMENTATIONS = YES;
				CLANG_WARN_DIRECT_OBJC_ISA_USAGE = YES_ERROR;
				CLANG_WARN_DOCUMENTATION_COMMENTS = YES;
				CLANG_WARN_EMPTY_BODY = YES;
				CLANG_WARN_ENUM_CONVERSION = YES;
				CLANG_WARN_INFINITE_RECURSION = YES;
				CLANG_WARN_INT_CONVERSION = YES;
				CLANG_WARN_NON_LITERAL_NULL_CONVERSION = YES;
				CLANG_WARN_OBJC_IMPLICIT_RETAIN_SELF = YES;
				CLANG_WARN_OBJC_LITERAL_CONVERSION = YES;
				CLANG_WARN_OBJC_ROOT_CLASS = YES_ERROR;
				CLANG_WARN_QUOTED_INCLUDE_IN_FRAMEWORK_HEADER = YES;
				CLANG_WARN_RANGE_LOOP_ANALYSIS = YES;
				CLANG_WARN_STRICT_PROTOTYPES = YES;
				CLANG_WARN_SUSPICIOUS_MOVE = YES;
				CLANG_WARN_UNGUARDED_AVAILABILITY = YES_AGGRESSIVE;
				CLANG_WARN_UNREACHABLE_CODE = YES;
				CLANG_WARN__DUPLICATE_METHOD_MATCH = YES;
				COPY_PHASE_STRIP = NO;
				DEBUG_INFORMATION_FORMAT = dwarf;
				ENABLE_STRICT_OBJC_MSGSEND = YES;
				ENABLE_TESTABILITY = YES;
				ENABLE_USER_SCRIPT_SANDBOXING = YES;
				GCC_C_LANGUAGE_STANDARD = gnu17;
				GCC_DYNAMIC_NO_PIC = NO;
				GCC_NO_COMMON_BLOCKS = YES;
				GCC_OPTIMIZATION_LEVEL = 0;
				GCC_PREPROCESSOR_DEFINITIONS = (
					"DEBUG=1",
					"$(inherited)",
				);
				GCC_WARN_64_TO_32_BIT_CONVERSION = YES;
				GCC_WARN_ABOUT_RETURN_TYPE = YES_ERROR;
				GCC_WARN_UNDECLARED_SELECTOR = YES;
				GCC_WARN_UNINITIALIZED_AUTOS = YES_AGGRESSIVE;
				GCC_WARN_UNUSED_FUNCTION = YES;
				GCC_WARN_UNUSED_VARIABLE = YES;
				IPHONEOS_DEPLOYMENT_TARGET = 18.2;
				LOCALIZATION_PREFERS_STRING_CATALOGS = YES;
				MTL_ENABLE_DEBUG_INFO = INCLUDE_SOURCE;
				MTL_FAST_MATH = YES;
				ONLY_ACTIVE_ARCH = YES;
				SDKROOT = iphoneos;
				SWIFT_ACTIVE_COMPILATION_CONDITIONS = "DEBUG $(inherited)";
				SWIFT_OPTIMIZATION_LEVEL = "-Onone";
			};
			name = Debug;
		};
		D94BB3552D2979F10073CE47 /* Release */ = {
			isa = XCBuildConfiguration;
			buildSettings = {
				ALWAYS_SEARCH_USER_PATHS = NO;
				ASSETCATALOG_COMPILER_GENERATE_SWIFT_ASSET_SYMBOL_EXTENSIONS = YES;
				CLANG_ANALYZER_NONNULL = YES;
				CLANG_ANALYZER_NUMBER_OBJECT_CONVERSION = YES_AGGRESSIVE;
				CLANG_CXX_LANGUAGE_STANDARD = "gnu++20";
				CLANG_ENABLE_MODULES = YES;
				CLANG_ENABLE_OBJC_ARC = YES;
				CLANG_ENABLE_OBJC_WEAK = YES;
				CLANG_WARN_BLOCK_CAPTURE_AUTORELEASING = YES;
				CLANG_WARN_BOOL_CONVERSION = YES;
				CLANG_WARN_COMMA = YES;
				CLANG_WARN_CONSTANT_CONVERSION = YES;
				CLANG_WARN_DEPRECATED_OBJC_IMPLEMENTATIONS = YES;
				CLANG_WARN_DIRECT_OBJC_ISA_USAGE = YES_ERROR;
				CLANG_WARN_DOCUMENTATION_COMMENTS = YES;
				CLANG_WARN_EMPTY_BODY = YES;
				CLANG_WARN_ENUM_CONVERSION = YES;
				CLANG_WARN_INFINITE_RECURSION = YES;
				CLANG_WARN_INT_CONVERSION = YES;
				CLANG_WARN_NON_LITERAL_NULL_CONVERSION = YES;
				CLANG_WARN_OBJC_IMPLICIT_RETAIN_SELF = YES;
				CLANG_WARN_OBJC_LITERAL_CONVERSION = YES;
				CLANG_WARN_OBJC_ROOT_CLASS = YES_ERROR;
				CLANG_WARN_QUOTED_INCLUDE_IN_FRAMEWORK_HEADER = YES;
				CLANG_WARN_RANGE_LOOP_ANALYSIS = YES;
				CLANG_WARN_STRICT_PROTOTYPES = YES;
				CLANG_WARN_SUSPICIOUS_MOVE = YES;
				CLANG_WARN_UNGUARDED_AVAILABILITY = YES_AGGRESSIVE;
				CLANG_WARN_UNREACHABLE_CODE = YES;
				CLANG_WARN__DUPLICATE_METHOD_MATCH = YES;
				COPY_PHASE_STRIP = NO;
				DEBUG_INFORMATION_FORMAT = "dwarf-with-dsym";
				ENABLE_NS_ASSERTIONS = NO;
				ENABLE_STRICT_OBJC_MSGSEND = YES;
				ENABLE_USER_SCRIPT_SANDBOXING = YES;
				GCC_C_LANGUAGE_STANDARD = gnu17;
				GCC_NO_COMMON_BLOCKS = YES;
				GCC_WARN_64_TO_32_BIT_CONVERSION = YES;
				GCC_WARN_ABOUT_RETURN_TYPE = YES_ERROR;
				GCC_WARN_UNDECLARED_SELECTOR = YES;
				GCC_WARN_UNINITIALIZED_AUTOS = YES_AGGRESSIVE;
				GCC_WARN_UNUSED_FUNCTION = YES;
				GCC_WARN_UNUSED_VARIABLE = YES;
				IPHONEOS_DEPLOYMENT_TARGET = 18.2;
				LOCALIZATION_PREFERS_STRING_CATALOGS = YES;
				MTL_ENABLE_DEBUG_INFO = NO;
				MTL_FAST_MATH = YES;
				SDKROOT = iphoneos;
				SWIFT_COMPILATION_MODE = wholemodule;
				VALIDATE_PRODUCT = YES;
			};
			name = Release;
		};
		D94BB3572D2979F10073CE47 /* Debug */ = {
			isa = XCBuildConfiguration;
			buildSettings = {
				ASSETCATALOG_COMPILER_APPICON_NAME = AppIcon;
				ASSETCATALOG_COMPILER_GLOBAL_ACCENT_COLOR_NAME = AccentColor;
				CODE_SIGN_STYLE = Automatic;
				CURRENT_PROJECT_VERSION = 1;
				DEVELOPMENT_ASSET_PATHS = "\"CoinCap/Preview Content\"";
				DEVELOPMENT_TEAM = 7BV7G443SR;
				ENABLE_PREVIEWS = YES;
				GENERATE_INFOPLIST_FILE = YES;
				INFOPLIST_KEY_UIApplicationSceneManifest_Generation = YES;
				INFOPLIST_KEY_UIApplicationSupportsIndirectInputEvents = YES;
				INFOPLIST_KEY_UILaunchScreen_Generation = YES;
				INFOPLIST_KEY_UISupportedInterfaceOrientations_iPad = "UIInterfaceOrientationPortrait UIInterfaceOrientationPortraitUpsideDown UIInterfaceOrientationLandscapeLeft UIInterfaceOrientationLandscapeRight";
				INFOPLIST_KEY_UISupportedInterfaceOrientations_iPhone = "UIInterfaceOrientationPortrait UIInterfaceOrientationLandscapeLeft UIInterfaceOrientationLandscapeRight";
				LD_RUNPATH_SEARCH_PATHS = (
					"$(inherited)",
					"@executable_path/Frameworks",
				);
				MARKETING_VERSION = 1.0;
				PRODUCT_BUNDLE_IDENTIFIER = mlunts.CoinCap;
				PRODUCT_NAME = "$(TARGET_NAME)";
				SWIFT_EMIT_LOC_STRINGS = YES;
				SWIFT_VERSION = 5.0;
				TARGETED_DEVICE_FAMILY = "1,2";
			};
			name = Debug;
		};
		D94BB3582D2979F10073CE47 /* Release */ = {
			isa = XCBuildConfiguration;
			buildSettings = {
				ASSETCATALOG_COMPILER_APPICON_NAME = AppIcon;
				ASSETCATALOG_COMPILER_GLOBAL_ACCENT_COLOR_NAME = AccentColor;
				CODE_SIGN_STYLE = Automatic;
				CURRENT_PROJECT_VERSION = 1;
				DEVELOPMENT_ASSET_PATHS = "\"CoinCap/Preview Content\"";
				DEVELOPMENT_TEAM = 7BV7G443SR;
				ENABLE_PREVIEWS = YES;
				GENERATE_INFOPLIST_FILE = YES;
				INFOPLIST_KEY_UIApplicationSceneManifest_Generation = YES;
				INFOPLIST_KEY_UIApplicationSupportsIndirectInputEvents = YES;
				INFOPLIST_KEY_UILaunchScreen_Generation = YES;
				INFOPLIST_KEY_UISupportedInterfaceOrientations_iPad = "UIInterfaceOrientationPortrait UIInterfaceOrientationPortraitUpsideDown UIInterfaceOrientationLandscapeLeft UIInterfaceOrientationLandscapeRight";
				INFOPLIST_KEY_UISupportedInterfaceOrientations_iPhone = "UIInterfaceOrientationPortrait UIInterfaceOrientationLandscapeLeft UIInterfaceOrientationLandscapeRight";
				LD_RUNPATH_SEARCH_PATHS = (
					"$(inherited)",
					"@executable_path/Frameworks",
				);
				MARKETING_VERSION = 1.0;
				PRODUCT_BUNDLE_IDENTIFIER = mlunts.CoinCap;
				PRODUCT_NAME = "$(TARGET_NAME)";
				SWIFT_EMIT_LOC_STRINGS = YES;
				SWIFT_VERSION = 5.0;
				TARGETED_DEVICE_FAMILY = "1,2";
			};
			name = Release;
		};
		D94BB35A2D2979F10073CE47 /* Debug */ = {
			isa = XCBuildConfiguration;
			buildSettings = {
				BUNDLE_LOADER = "$(TEST_HOST)";
				CODE_SIGN_STYLE = Automatic;
				CURRENT_PROJECT_VERSION = 1;
				DEVELOPMENT_TEAM = 7BV7G443SR;
				GENERATE_INFOPLIST_FILE = YES;
				IPHONEOS_DEPLOYMENT_TARGET = 18.2;
				MARKETING_VERSION = 1.0;
				PRODUCT_BUNDLE_IDENTIFIER = mlunts.CoinCapTests;
				PRODUCT_NAME = "$(TARGET_NAME)";
				SWIFT_EMIT_LOC_STRINGS = NO;
				SWIFT_VERSION = 5.0;
				TARGETED_DEVICE_FAMILY = "1,2";
				TEST_HOST = "$(BUILT_PRODUCTS_DIR)/CoinCap.app/$(BUNDLE_EXECUTABLE_FOLDER_PATH)/CoinCap";
			};
			name = Debug;
		};
		D94BB35B2D2979F10073CE47 /* Release */ = {
			isa = XCBuildConfiguration;
			buildSettings = {
				BUNDLE_LOADER = "$(TEST_HOST)";
				CODE_SIGN_STYLE = Automatic;
				CURRENT_PROJECT_VERSION = 1;
				DEVELOPMENT_TEAM = 7BV7G443SR;
				GENERATE_INFOPLIST_FILE = YES;
				IPHONEOS_DEPLOYMENT_TARGET = 18.2;
				MARKETING_VERSION = 1.0;
				PRODUCT_BUNDLE_IDENTIFIER = mlunts.CoinCapTests;
				PRODUCT_NAME = "$(TARGET_NAME)";
				SWIFT_EMIT_LOC_STRINGS = NO;
				SWIFT_VERSION = 5.0;
				TARGETED_DEVICE_FAMILY = "1,2";
				TEST_HOST = "$(BUILT_PRODUCTS_DIR)/CoinCap.app/$(BUNDLE_EXECUTABLE_FOLDER_PATH)/CoinCap";
			};
			name = Release;
		};
		D94BB35D2D2979F10073CE47 /* Debug */ = {
			isa = XCBuildConfiguration;
			buildSettings = {
				CODE_SIGN_STYLE = Automatic;
				CURRENT_PROJECT_VERSION = 1;
				DEVELOPMENT_TEAM = 7BV7G443SR;
				GENERATE_INFOPLIST_FILE = YES;
				MARKETING_VERSION = 1.0;
				PRODUCT_BUNDLE_IDENTIFIER = mlunts.CoinCapUITests;
				PRODUCT_NAME = "$(TARGET_NAME)";
				SWIFT_EMIT_LOC_STRINGS = NO;
				SWIFT_VERSION = 5.0;
				TARGETED_DEVICE_FAMILY = "1,2";
				TEST_TARGET_NAME = CoinCap;
			};
			name = Debug;
		};
		D94BB35E2D2979F10073CE47 /* Release */ = {
			isa = XCBuildConfiguration;
			buildSettings = {
				CODE_SIGN_STYLE = Automatic;
				CURRENT_PROJECT_VERSION = 1;
				DEVELOPMENT_TEAM = 7BV7G443SR;
				GENERATE_INFOPLIST_FILE = YES;
				MARKETING_VERSION = 1.0;
				PRODUCT_BUNDLE_IDENTIFIER = mlunts.CoinCapUITests;
				PRODUCT_NAME = "$(TARGET_NAME)";
				SWIFT_EMIT_LOC_STRINGS = NO;
				SWIFT_VERSION = 5.0;
				TARGETED_DEVICE_FAMILY = "1,2";
				TEST_TARGET_NAME = CoinCap;
			};
			name = Release;
		};
/* End XCBuildConfiguration section */

/* Begin XCConfigurationList section */
		D94BB32D2D2979EF0073CE47 /* Build configuration list for PBXProject "CoinCap" */ = {
			isa = XCConfigurationList;
			buildConfigurations = (
				D94BB3542D2979F10073CE47 /* Debug */,
				D94BB3552D2979F10073CE47 /* Release */,
			);
			defaultConfigurationIsVisible = 0;
			defaultConfigurationName = Release;
		};
		D94BB3562D2979F10073CE47 /* Build configuration list for PBXNativeTarget "CoinCap" */ = {
			isa = XCConfigurationList;
			buildConfigurations = (
				D94BB3572D2979F10073CE47 /* Debug */,
				D94BB3582D2979F10073CE47 /* Release */,
			);
			defaultConfigurationIsVisible = 0;
			defaultConfigurationName = Release;
		};
		D94BB3592D2979F10073CE47 /* Build configuration list for PBXNativeTarget "CoinCapTests" */ = {
			isa = XCConfigurationList;
			buildConfigurations = (
				D94BB35A2D2979F10073CE47 /* Debug */,
				D94BB35B2D2979F10073CE47 /* Release */,
			);
			defaultConfigurationIsVisible = 0;
			defaultConfigurationName = Release;
		};
		D94BB35C2D2979F10073CE47 /* Build configuration list for PBXNativeTarget "CoinCapUITests" */ = {
			isa = XCConfigurationList;
			buildConfigurations = (
				D94BB35D2D2979F10073CE47 /* Debug */,
				D94BB35E2D2979F10073CE47 /* Release */,
			);
			defaultConfigurationIsVisible = 0;
			defaultConfigurationName = Release;
		};
/* End XCConfigurationList section */
	};
	rootObject = D94BB32A2D2979EF0073CE47 /* Project object */;
}
